
Microsoft Visual Studio Solution File, Format Version 12.00
# Visual Studio Version 17
VisualStudioVersion = 17.8.34309.116
MinimumVisualStudioVersion = 10.0.40219.1
Project("{FAE04EC0-301F-11D3-BF4B-00C04F79EFBC}") = "WebCliente", "WebCliente\WebCliente.csproj", "{D532A2F2-878A-4E43-9B0A-128E09453A82}"
EndProject
Global
	GlobalSection(SolutionConfigurationPlatforms) = preSolution
		Debug|Any CPU = Debug|Any CPU
		Release|Any CPU = Release|Any CPU
	EndGlobalSection
	GlobalSection(ProjectConfigurationPlatforms) = postSolution
		{D532A2F2-878A-4E43-9B0A-128E09453A82}.Debug|Any CPU.ActiveCfg = Debug|Any CPU
		{D532A2F2-878A-4E43-9B0A-128E09453A82}.Debug|Any CPU.Build.0 = Debug|Any CPU
		{D532A2F2-878A-4E43-9B0A-128E09453A82}.Release|Any CPU.ActiveCfg = Release|Any CPU
		{D532A2F2-878A-4E43-9B0A-128E09453A82}.Release|Any CPU.Build.0 = Release|Any CPU
	EndGlobalSection
	GlobalSection(SolutionProperties) = preSolution
		HideSolutionNode = FALSE
	EndGlobalSection
	GlobalSection(ExtensibilityGlobals) = postSolution
		SolutionGuid = {5A2A024F-40FF-48D0-B153-D8F50B458ACA}
	EndGlobalSection
EndGlobal
